{
    "version": 3,
    "terraform_version": "0.11.3",
    "serial": 3,
    "lineage": "150552e4-bb64-4229-8c38-16ac9564d068",
    "modules": [
        {
            "path": [
                "root"
            ],
            "outputs": {
                "load-generator-dns": {
                    "sensitive": false,
                    "type": "string",
                    "value": "ec2-54-175-174-84.compute-1.amazonaws.com"
                },
                "web-service-dns": {
                    "sensitive": false,
                    "type": "string",
                    "value": "ec2-52-90-75-246.compute-1.amazonaws.com"
                }
            },
            "resources": {
                "aws_instance.load-generator": {
                    "type": "aws_instance",
                    "depends_on": [
                        "aws_security_group.sec-group-lg"
                    ],
                    "primary": {
                        "id": "i-03379ea2af1a2fb03",
                        "attributes": {
                            "ami": "ami-ab3108d1",
                            "associate_public_ip_address": "true",
                            "availability_zone": "us-east-1c",
                            "disable_api_termination": "false",
                            "ebs_block_device.#": "0",
                            "ebs_optimized": "false",
                            "ephemeral_block_device.#": "0",
                            "iam_instance_profile": "",
                            "id": "i-03379ea2af1a2fb03",
                            "instance_state": "running",
                            "instance_type": "m3.medium",
                            "ipv6_addresses.#": "0",
                            "key_name": "",
                            "monitoring": "true",
                            "network_interface.#": "0",
                            "network_interface_id": "eni-4bfcbe86",
                            "placement_group": "",
                            "primary_network_interface_id": "eni-4bfcbe86",
                            "private_dns": "ip-172-31-87-212.ec2.internal",
                            "private_ip": "172.31.87.212",
                            "public_dns": "ec2-54-175-174-84.compute-1.amazonaws.com",
                            "public_ip": "54.175.174.84",
                            "root_block_device.#": "1",
                            "root_block_device.0.delete_on_termination": "true",
                            "root_block_device.0.iops": "100",
                            "root_block_device.0.volume_id": "vol-0f4b23b86e666c942",
                            "root_block_device.0.volume_size": "8",
                            "root_block_device.0.volume_type": "gp2",
                            "security_groups.#": "1",
                            "security_groups.1754360441": "sec-group-lg",
                            "source_dest_check": "true",
                            "subnet_id": "subnet-ac244483",
                            "tags.%": "1",
                            "tags.Project": "2.1",
                            "tenancy": "default",
                            "volume_tags.%": "0",
                            "vpc_security_group_ids.#": "0"
                        },
                        "meta": {
                            "e2bfb730-ecaa-11e6-8f88-34363bc7c4c0": {
                                "create": 600000000000,
                                "delete": 600000000000,
                                "update": 600000000000
                            },
                            "schema_version": "1"
                        },
                        "tainted": false
                    },
                    "deposed": [],
                    "provider": "provider.aws"
                },
                "aws_instance.web-service": {
                    "type": "aws_instance",
                    "depends_on": [
                        "aws_security_group.sec-group-lg"
                    ],
                    "primary": {
                        "id": "i-0d6afb26939e0336a",
                        "attributes": {
                            "ami": "ami-e731089d",
                            "associate_public_ip_address": "true",
                            "availability_zone": "us-east-1c",
                            "disable_api_termination": "false",
                            "ebs_block_device.#": "0",
                            "ebs_optimized": "false",
                            "ephemeral_block_device.#": "0",
                            "iam_instance_profile": "",
                            "id": "i-0d6afb26939e0336a",
                            "instance_state": "running",
                            "instance_type": "m3.medium",
                            "ipv6_addresses.#": "0",
                            "key_name": "",
                            "monitoring": "true",
                            "network_interface.#": "0",
                            "network_interface_id": "eni-fe0d4033",
                            "placement_group": "",
                            "primary_network_interface_id": "eni-fe0d4033",
                            "private_dns": "ip-172-31-85-193.ec2.internal",
                            "private_ip": "172.31.85.193",
                            "public_dns": "ec2-52-90-75-246.compute-1.amazonaws.com",
                            "public_ip": "52.90.75.246",
                            "root_block_device.#": "1",
                            "root_block_device.0.delete_on_termination": "true",
                            "root_block_device.0.iops": "100",
                            "root_block_device.0.volume_id": "vol-0e839c5bd09c01fa5",
                            "root_block_device.0.volume_size": "8",
                            "root_block_device.0.volume_type": "gp2",
                            "security_groups.#": "1",
                            "security_groups.1754360441": "sec-group-lg",
                            "source_dest_check": "true",
                            "subnet_id": "subnet-ac244483",
                            "tags.%": "1",
                            "tags.Project": "2.1",
                            "tenancy": "default",
                            "volume_tags.%": "0",
                            "vpc_security_group_ids.#": "0"
                        },
                        "meta": {
                            "e2bfb730-ecaa-11e6-8f88-34363bc7c4c0": {
                                "create": 600000000000,
                                "delete": 600000000000,
                                "update": 600000000000
                            },
                            "schema_version": "1"
                        },
                        "tainted": false
                    },
                    "deposed": [],
                    "provider": "provider.aws"
                },
                "aws_security_group.sec-group-lg": {
                    "type": "aws_security_group",
                    "depends_on": [],
                    "primary": {
                        "id": "sg-e1c95a96",
                        "attributes": {
                            "description": "security group for Load Generator",
                            "egress.#": "1",
                            "egress.482069346.cidr_blocks.#": "1",
                            "egress.482069346.cidr_blocks.0": "0.0.0.0/0",
                            "egress.482069346.description": "",
                            "egress.482069346.from_port": "0",
                            "egress.482069346.ipv6_cidr_blocks.#": "0",
                            "egress.482069346.prefix_list_ids.#": "0",
                            "egress.482069346.protocol": "-1",
                            "egress.482069346.security_groups.#": "0",
                            "egress.482069346.self": "false",
                            "egress.482069346.to_port": "0",
                            "id": "sg-e1c95a96",
                            "ingress.#": "1",
                            "ingress.2214680975.cidr_blocks.#": "1",
                            "ingress.2214680975.cidr_blocks.0": "0.0.0.0/0",
                            "ingress.2214680975.description": "",
                            "ingress.2214680975.from_port": "80",
                            "ingress.2214680975.ipv6_cidr_blocks.#": "0",
                            "ingress.2214680975.protocol": "tcp",
                            "ingress.2214680975.security_groups.#": "0",
                            "ingress.2214680975.self": "false",
                            "ingress.2214680975.to_port": "80",
                            "name": "sec-group-lg",
                            "owner_id": "838727948759",
                            "revoke_rules_on_delete": "false",
                            "tags.%": "0",
                            "vpc_id": "vpc-888e83f0"
                        },
                        "meta": {
                            "schema_version": "1"
                        },
                        "tainted": false
                    },
                    "deposed": [],
                    "provider": "provider.aws"
                }
            },
            "depends_on": []
        }
    ]
}
